{
    "_meta": {
        "hash": {
            "sha256": "039e059dc98cad376a5ebc05c188eb943fa93e5e11b8ef1d1f22a2cc831a4697"
        },
        "pipfile-spec": 6,
        "requires": {
            "python_version": "3.9"
        },
        "sources": [
            {
                "name": "pypi",
                "url": "https://pypi.org/simple",
                "verify_ssl": true
            }
        ]
    },
    "default": {
        "cli-helpers": {
            "extras": [
                "styles"
            ],
            "hashes": [
                "sha256:0ccc1cfcda1ac64dc7ed83d7013055cf19e5979d29e56c21f3b692de01555aae",
                "sha256:e1a67c6e2cd95857fe50f7640549c65af8df5c4d7666af4e6d8c8ee7dbb694b4"
            ],
            "markers": "python_version >= '3.6'",
            "version": "==2.2.1"
        },
        "click": {
            "hashes": [
                "sha256:7682dc8afb30297001674575ea00d1814d808d6a36af415a82bd481d37ba7b8e",
                "sha256:bb4d8133cb15a609f44e8213d9b391b0809795062913b383c62be0ee95b1db48"
            ],
            "markers": "python_version >= '3.7'",
            "version": "==8.1.3"
        },
        "configobj": {
            "hashes": [
                "sha256:a2f5650770e1c87fb335af19a9b7eb73fc05ccf22144eb68db7d00cd2bcb0902"
            ],
            "version": "==5.0.6"
        },
        "pendulum": {
            "hashes": [
                "sha256:0731f0c661a3cb779d398803655494893c9f581f6488048b3fb629c2342b5394",
                "sha256:1245cd0075a3c6d889f581f6325dd8404aca5884dea7223a5566c38aab94642b",
                "sha256:29c40a6f2942376185728c9a0347d7c0f07905638c83007e1d262781f1e6953a",
                "sha256:2d1619a721df661e506eff8db8614016f0720ac171fe80dda1333ee44e684087",
                "sha256:318f72f62e8e23cd6660dbafe1e346950281a9aed144b5c596b2ddabc1d19739",
                "sha256:33fb61601083f3eb1d15edeb45274f73c63b3c44a8524703dc143f4212bf3269",
                "sha256:3481fad1dc3f6f6738bd575a951d3c15d4b4ce7c82dce37cf8ac1483fde6e8b0",
                "sha256:4c9c689747f39d0d02a9f94fcee737b34a5773803a64a5fdb046ee9cac7442c5",
                "sha256:7c5ec650cb4bec4c63a89a0242cc8c3cebcec92fcfe937c417ba18277d8560be",
                "sha256:94b1fc947bfe38579b28e1cccb36f7e28a15e841f30384b5ad6c5e31055c85d7",
                "sha256:9702069c694306297ed362ce7e3c1ef8404ac8ede39f9b28b7c1a7ad8c3959e3",
                "sha256:b06a0ca1bfe41c990bbf0c029f0b6501a7f2ec4e38bfec730712015e8860f207",
                "sha256:b6c352f4bd32dff1ea7066bd31ad0f71f8d8100b9ff709fb343f3b86cee43efe",
                "sha256:c501749fdd3d6f9e726086bf0cd4437281ed47e7bca132ddb522f86a1645d360",
                "sha256:c807a578a532eeb226150d5006f156632df2cc8c5693d778324b43ff8c515dd0",
                "sha256:db0a40d8bcd27b4fb46676e8eb3c732c67a5a5e6bfab8927028224fbced0b40b",
                "sha256:de42ea3e2943171a9e95141f2eecf972480636e8e484ccffaf1e833929e9e052",
                "sha256:e95d329384717c7bf627bf27e204bc3b15c8238fa8d9d9781d93712776c14002",
                "sha256:f5e236e7730cab1644e1b87aca3d2ff3e375a608542e90fe25685dae46310116",
                "sha256:f888f2d2909a414680a29ae74d0592758f2b9fcdee3549887779cd4055e975db",
                "sha256:fb53ffa0085002ddd43b6ca61a7b34f2d4d7c3ed66f931fe599e1a531b42af9b"
            ],
            "markers": "python_version >= '2.7' and python_version not in '3.0, 3.1, 3.2, 3.3, 3.4'",
            "version": "==2.1.2"
        },
        "pgcli": {
            "hashes": [
                "sha256:3005a1909e81d52587a14d021e110b0763af20a7874de75c188146e9438d1418",
                "sha256:f03930187e27d60df658ca8a04fb601ec5d7476c735f2b1542c6adec5cac8fe2"
            ],
            "index": "pypi",
            "version": "==3.4.1"
        },
        "pgspecial": {
            "hashes": [
                "sha256:5716c470f358cf74914b8155bf48d6a8deb8f70aa6eccf8bddaacc44dfee46e4",
                "sha256:d5dab96690908275916dc2c622efae217f142e08165fa366949d41cbc5658701"
            ],
            "version": "==1.13.1"
        },
        "prompt-toolkit": {
            "hashes": [
                "sha256:62291dad495e665fca0bda814e342c69952086afb0f4094d0893d357e5c78752",
                "sha256:bd640f60e8cecd74f0dc249713d433ace2ddc62b65ee07f96d358e0b152b6ea7"
            ],
            "markers": "python_full_version >= '3.6.2'",
            "version": "==3.0.29"
        },
        "psycopg2": {
            "hashes": [
                "sha256:06f32425949bd5fe8f625c49f17ebb9784e1e4fe928b7cce72edc36fb68e4c0c",
                "sha256:0762c27d018edbcb2d34d51596e4346c983bd27c330218c56c4dc25ef7e819bf",
                "sha256:083707a696e5e1c330af2508d8fab36f9700b26621ccbcb538abe22e15485362",
                "sha256:34b33e0162cfcaad151f249c2649fd1030010c16f4bbc40a604c1cb77173dcf7",
                "sha256:4295093a6ae3434d33ec6baab4ca5512a5082cc43c0505293087b8a46d108461",
                "sha256:8cf3878353cc04b053822896bc4922b194792df9df2f1ad8da01fb3043602126",
                "sha256:8e841d1bf3434da985cc5ef13e6f75c8981ced601fd70cc6bf33351b91562981",
                "sha256:9572e08b50aed176ef6d66f15a21d823bb6f6d23152d35e8451d7d2d18fdac56",
                "sha256:a81e3866f99382dfe8c15a151f1ca5fde5815fde879348fe5a9884a7c092a305",
                "sha256:cb10d44e6694d763fa1078a26f7f6137d69f555a78ec85dc2ef716c37447e4b2",
                "sha256:d3ca6421b942f60c008f81a3541e8faf6865a28d5a9b48544b0ee4f40cac7fca"
            ],
            "markers": "python_version >= '3.6'",
            "version": "==2.9.3"
        },
        "pygments": {
            "hashes": [
                "sha256:5eb116118f9612ff1ee89ac96437bb6b49e8f04d8a13b514ba26f620208e26eb",
                "sha256:dc9c10fb40944260f6ed4c688ece0cd2048414940f1cea51b8b226318411c519"
            ],
            "markers": "python_version >= '3.6'",
            "version": "==2.12.0"
        },
        "python-dateutil": {
            "hashes": [
                "sha256:0123cacc1627ae19ddf3c27a5de5bd67ee4586fbdd6440d9748f8abb483d3e86",
                "sha256:961d03dc3453ebbc59dbdea9e4e11c5651520a876d0f4db161e8674aae935da9"
            ],
            "markers": "python_version >= '2.7' and python_version not in '3.0, 3.1, 3.2'",
            "version": "==2.8.2"
        },
        "pytzdata": {
            "hashes": [
                "sha256:3efa13b335a00a8de1d345ae41ec78dd11c9f8807f522d39850f2dd828681540",
                "sha256:e1e14750bcf95016381e4d472bad004eef710f2d6417240904070b3d6654485f"
            ],
            "markers": "python_version >= '2.7' and python_version not in '3.0, 3.1, 3.2, 3.3'",
            "version": "==2020.1"
        },
        "setproctitle": {
            "hashes": [
                "sha256:01cef383afc7ea7a3b1696818c8712029bf2f1d64f5d4777dbaf0166becf2c00",
                "sha256:0670f2130a7ca0e167d3d5a7c8e3c707340b8693d6af7416ff55c18ab2a0a43f",
                "sha256:06aab65e68163ead9d046b452dd9ad1fc6834ce6bde490f63fdce3be53e9cc73",
                "sha256:0a668acec8b61a971de54bc4c733869ea7b0eb1348eae5a32b9477f788908e5c",
                "sha256:0b207de9e4f4aa5265b36dd826a1f6ef6566b064a042033bd7447efb7e9a7664",
                "sha256:0b444ed4051161a3b0a85dec2bb9b50922f37c75f5fb86f7784b235cf6754336",
                "sha256:138bfa853e607f06d95b0f253e9152b32a00af3d0dbec96abf0871236a483932",
                "sha256:14641a4ec2f2110cf4afc666eaecc82ba67814e927e02647fa1f4cf74476e752",
                "sha256:21d6e064b8fee4e58eb00cdd8771c638de1bc30bb6c02d0208af9ca0a1c00898",
                "sha256:25538341e56f9e75e9759229ff674282dccb5b1ce79a974f968d36208d465674",
                "sha256:28e0df80d5069586a08a3cb463fb23503a37cbb805826ef93164bc4bfb5f35b9",
                "sha256:2c0be45535e934deab3aa72ed1a8487174af4ea12cec124478c68a312e1c8b13",
                "sha256:2c8c245e08f6a296fdaa1b36894ec40e20464a4fc6458e6178c8d55a2f83457a",
                "sha256:2d083cae02e344e760bd21c28d591ac5f7ddbd6e1a0ecba62092ae724abd5c28",
                "sha256:32a84cc309b9e595f06a55bec2fa335a23c307a55d2989864b60ecd71ea87897",
                "sha256:335750c9eb5b18326a138a09266862a52b4f474277c3e410b419bea9a1df8bee",
                "sha256:35b869e416a105c59133a48b569c6e808159485d916f55e80c7394a42667a386",
                "sha256:38855b06a124361dc73c198853dee3f2b775531c4f4b7472f0e3d441192b3d8a",
                "sha256:3b1883ccdbee624386dc046cfbcd80c4e75e24c478f35627984a79892e088b88",
                "sha256:3dbe87e76197f9a303451512088c18c96f09a6fc4f871a92e5bd695f46f94a26",
                "sha256:3f55493c987935fa540ef9ffb7ee7db03b4a18a9d5cc103681e2e6a6dfbd7054",
                "sha256:4051c3a3b07f8a4cca205cd45366a22f322da2f26491c0d6b313a10f8c77b734",
                "sha256:409a39f92e123be061626fdfd3e76625b04db103479bb4ba1c85b587db0b9498",
                "sha256:423f8a6d8116acf975ebf93d6b5c4a752f7d2039fa9aafe175a62de86e17016e",
                "sha256:47f97f591ea2335b7d35f5e9ad7d806385338182dc6de5732d091e9c70ed1cc0",
                "sha256:48ac48a94040ef21be37366cbc8270fcba2ca103d6c64da6099d5a7b034f72d0",
                "sha256:4eed53c12146de5df959d84384ffc2774651cab406ee4854e12728cf0eee5297",
                "sha256:501c084cf3df7d848e91c97d4f8c44d799ba545858a79c6960326ce6f285b4e4",
                "sha256:52265182fe5ac237d179d8e949248d307882a2e6ec7f189c8dac1c9d1b3631fa",
                "sha256:5464e6812d050c986e6e9b97d54ab88c23dbe9d81151a2fa10b48bb5133a1e2c",
                "sha256:54c7315e53b49ef2227d47a75c3d28c4c51ea9ee46a066460732c0d0f8e605a7",
                "sha256:60f7a2f5da36a3075dda7edbee2173be5b765b0460b8d401ee01a11f68dee1d2",
                "sha256:65a9384cafdfed98f91416e93705ad08f049c298afcb9c515882beba23153bd0",
                "sha256:71d00ef63a1f78e13c236895badac77b6c8503377467b9c1a4f81fe729d16e03",
                "sha256:76f59444a25fb42ca07f53a4474b1545d97a06f016e6c6b8246eee5b146820b5",
                "sha256:791bed39e4ecbdd008b64999a60c9cc560d17b3836ca0c27cd4708e8e1bcf495",
                "sha256:7a72bbe53191fbe574c94c0f8b9451dce535b398b7c47ce2e26e21d55eaa1d7e",
                "sha256:97accd117392b1e57e09888792750c403d7729b7e4b193005178b3736b325ea0",
                "sha256:9a92978030616f5e20617b7b832efee398df82072b7239c53db41c8026f5fe55",
                "sha256:9fb5d2e66f94eebc3d06cda9e71a3fffef24c5273971180a4b5628a37fae05a5",
                "sha256:a39b30d7400c0d50941fe19e1fe0b7d35676186fec4d9c010129ac91b883fd26",
                "sha256:a4a3cb19346a0cd680617742f5e39fdd14596f6fd91d6c9038272663e37441b4",
                "sha256:a546cd2dfaecb227d24122257b98b2e062762871888835c7b608f1c41c3a77ad",
                "sha256:a81067bdc015fee1cc148c79b346f24fdad1224a8898b4239c7cbdee1add8a60",
                "sha256:a912df3f065572cef211e9ed9f157a0dd2bd73d150281f18f00728afa1b1e5d2",
                "sha256:a993610383028f093112dce7f77b262e88fce9d70127535fcdc78953179857e8",
                "sha256:b213376fc779c0e1a4b60008f3fd03f74e9baa9665db37fa6646e98d31baa6d8",
                "sha256:b2fa9f4b382a6cf88f2f345044d0916a92f37cac21355585bd14bc7ee91af187",
                "sha256:b9d905ac84dde5227de6516ec08639759f99684148bb88ba05f4cbdaebff5d69",
                "sha256:be0b46beeb1c92450079a7f30a025d69b63fd6a5de040ebc478fd6e6bf3b63fc",
                "sha256:c93a2272740e60cddf59d3e1d35dbb89fcc3676f5ca9618bb4e6ae9633fdf13c",
                "sha256:ccb0b5334dbf248f7504d88b5e9e9a09a0da119eeafacd6f7247f7c055443522",
                "sha256:d312a170f539895c8093b5e68ba126aa131c9f0d00f6360410db27ec50bf7afa",
                "sha256:d45dbe4171f8c27a515ecb4562f4cd9ef67d98474bea18e0c14dfbdc2b225050",
                "sha256:d8e4da68d4d4ba46d4c5db6ae5eb61b11de9c520f25ae8334570f4d0018a8611",
                "sha256:e24fa9251cc22ddb88ef183070063fdca826c9636381f1c4fb9d2a1dccb7c2a4",
                "sha256:e2ac0ebd9c63c3d19f768966be2f771bf088bc7373c63ed6fcbb3444a30d0f62",
                "sha256:e40c35564081983eab6a07f9eb5693867bc447b0edf9c61b69446223d6593814",
                "sha256:e80fc59739a738b5c67afbbb9d1c238aa47b6d290c2ada872b15c819350ec5f8",
                "sha256:eb06c1086cf8c8cf12ce45a02450befcb408dfd646d0ccb47d388fd6e73c333a",
                "sha256:eb82a49aaf440232c762539ab3737b5174d31aba0141fd4bf4d8739c28d18624",
                "sha256:ec7c3a27460ae7811e868e5494e3d8aee5012912744c48fa2d80b5e614b1b972",
                "sha256:ecf28b1c07a799d76f4326e508157b71aeda07b84b90368ea451c0710dbd32c0",
                "sha256:efb3001fd9e71d3ae939d826bf436f0446fd30a6ac01e0ce08cd7eb55ee5ac57",
                "sha256:f06ff922254023eaabef6af6631f89e5f2f420cf0112865d57d7703f933d4e9f",
                "sha256:f272b84d79bbe15af26ecf6f7c129bbe642f628866c9253659cdb519216f138f",
                "sha256:f2a137984d3436f13e4bf7c8ca6f6f292df119c009c5e39556cabba4f4bfbf92",
                "sha256:f47f6704880869d8e8f52efac2f2f60f5ed4cb9662b98fc1c7e916eefe76e61d",
                "sha256:f9cf1098205c23fbcaaaef798afaff714fa9ffadf24166f5e85e6d16b9ef82a1",
                "sha256:fc586f002fd5dd8695718e22a83771fd9f744f081a2b8e614bf6b5f44135964a",
                "sha256:fdb2231db176e0848b757fc5d9bed08bc8a498b5b9abb8b640f39e9720f309fc"
            ],
            "markers": "python_version >= '3.6'",
            "version": "==1.2.3"
        },
        "six": {
            "hashes": [
                "sha256:1e61c37477a1626458e36f7b1d82aa5c9b094fa4802892072e49de9c60c4c926",
                "sha256:8abb2f1d86890a2dfb989f9a77cfcfd3e47c2a354b01111771326f8aa26e0254"
            ],
            "markers": "python_version >= '2.7' and python_version not in '3.0, 3.1, 3.2'",
            "version": "==1.16.0"
        },
        "sqlparse": {
            "hashes": [
                "sha256:0c00730c74263a94e5a9919ade150dfc3b19c574389985446148402998287dae",
                "sha256:48719e356bb8b42991bdbb1e8b83223757b93789c00910a616a071910ca4a64d"
            ],
            "markers": "python_version >= '3.5'",
            "version": "==0.4.2"
        },
        "tabulate": {
            "extras": [
                "widechars"
            ],
            "hashes": [
                "sha256:d7c013fe7abbc5e491394e10fa845f8f32fe54f8dc60c6622c6cf482d25d47e4",
                "sha256:eb1d13f25760052e8931f2ef80aaf6045a6cceb47514db8beab24cded16f13a7"
            ],
            "version": "==0.8.9"
        },
        "wcwidth": {
            "hashes": [
                "sha256:beb4802a9cebb9144e99086eff703a642a13d6a0052920003a230f3294bbe784",
                "sha256:c4d647b99872929fdb7bdcaa4fbe7f01413ed3d98077df798530e5b04f116c83"
            ],
            "version": "==0.2.5"
        }
    },
    "develop": {}
}
